{
  "version": "4",
  "specifiers": {
    "jsr:@oh/yaml@1.1.0": "1.1.0",
    "jsr:@std/fs@1.0.4": "1.0.4",
    "jsr:@std/path@1.0.6": "1.0.6",
    "jsr:@std/path@^1.0.6": "1.0.6",
    "jsr:@std/yaml@1.0.5": "1.0.5",
    "npm:dayjs@1.11.13": "1.11.13"
  },
  "jsr": {
    "@oh/yaml@1.1.0": {
      "integrity": "57f2f01bf259dff8896fb9d8f4f49e477e6533ccc5cbc4559ebd8410142aeff5",
      "dependencies": [
        "jsr:@std/fs",
        "jsr:@std/path@1.0.6",
        "jsr:@std/yaml"
      ]
    },
    "@std/fs@1.0.4": {
      "integrity": "2907d32d8d1d9e540588fd5fe0ec21ee638134bd51df327ad4e443aaef07123c",
      "dependencies": [
        "jsr:@std/path@^1.0.6"
      ]
    },
    "@std/path@1.0.6": {
      "integrity": "ab2c55f902b380cf28e0eec501b4906e4c1960d13f00e11cfbcd21de15f18fed"
    },
    "@std/yaml@1.0.5": {
      "integrity": "71ba3d334305ee2149391931508b2c293a8490f94a337eef3a09cade1a2a2742"
    }
  },
  "npm": {
    "dayjs@1.11.13": {
      "integrity": "sha512-oaMBel6gjolK862uaPQOVTA7q3TZhuSvuMQAAglQDOWYO9A91IrAOUJEyKVlqJlHE0vq5p5UXxzdPfMH/x6xNg=="
    }
  },
  "workspace": {
    "dependencies": [
      "jsr:@oh/yaml@1.1.0",
      "jsr:@std/fs@1.0.4",
      "jsr:@std/path@1.0.6",
      "jsr:@std/yaml@1.0.5",
      "npm:dayjs@1.11.13"
    ],
    "packageJson": {
      "dependencies": [
        "npm:dayjs@1.11.13",
        "npm:prettier@3.3.3"
      ]
    }
  }
}
